<Solution>
  <Folder Name="/CanDoUrco.OpenGl.Utilities/">
    <Project Path="CanDoUrco.OpenGl.Utilities/CanDoUrco.OpenGl.Utilities.csproj" />
  </Folder>
  <Project Path="CanDoUrco.Glfw/CanDoUrco.Glfw.csproj" />
  <Project Path="CanDoUrco.OpenGl10/CanDoUrco.OpenGl10.csproj" />
  <Project Path="Playground/Playground.csproj" />
</Solution>
